
Microsoft Visual Studio Solution File, Format Version 12.00
# Visual Studio Version 16
VisualStudioVersion = 16.0.30309.148
MinimumVisualStudioVersion = 10.0.40219.1
Project("{9A19103F-16F7-4668-BE54-9A1E7A4F7556}") = "ibaHdApiSampleClient", "ibaHdApiSampleClient\ibaHdApiSampleClient.csproj", "{141EC918-CBAD-4E44-877B-C91BA805C40D}"
EndProject
Project("{9A19103F-16F7-4668-BE54-9A1E7A4F7556}") = "ibaHdApi", "ibaHdApi\ibaHdApi.csproj", "{FDFEE04F-A811-4E86-AEAF-ED2ED3565B5B}"
EndProject
Global
	GlobalSection(SolutionConfigurationPlatforms) = preSolution
		Debug|Any CPU = Debug|Any CPU
		Release|Any CPU = Release|Any CPU
	EndGlobalSection
	GlobalSection(ProjectConfigurationPlatforms) = postSolution
		{141EC918-CBAD-4E44-877B-C91BA805C40D}.Debug|Any CPU.ActiveCfg = Debug|Any CPU
		{141EC918-CBAD-4E44-877B-C91BA805C40D}.Debug|Any CPU.Build.0 = Debug|Any CPU
		{141EC918-CBAD-4E44-877B-C91BA805C40D}.Release|Any CPU.ActiveCfg = Release|Any CPU
		{141EC918-CBAD-4E44-877B-C91BA805C40D}.Release|Any CPU.Build.0 = Release|Any CPU
		{FDFEE04F-A811-4E86-AEAF-ED2ED3565B5B}.Debug|Any CPU.ActiveCfg = Debug|Any CPU
		{FDFEE04F-A811-4E86-AEAF-ED2ED3565B5B}.Debug|Any CPU.Build.0 = Debug|Any CPU
		{FDFEE04F-A811-4E86-AEAF-ED2ED3565B5B}.Release|Any CPU.ActiveCfg = Release|Any CPU
		{FDFEE04F-A811-4E86-AEAF-ED2ED3565B5B}.Release|Any CPU.Build.0 = Release|Any CPU
	EndGlobalSection
	GlobalSection(SolutionProperties) = preSolution
		HideSolutionNode = FALSE
	EndGlobalSection
	GlobalSection(ExtensibilityGlobals) = postSolution
		SolutionGuid = {4E778841-A288-42C0-A182-1CA60761CE64}
	EndGlobalSection
EndGlobal
